
Microsoft Visual Studio Solution File, Format Version 12.00
# Visual Studio Version 16
VisualStudioVersion = 16.0.31729.503
MinimumVisualStudioVersion = 10.0.40219.1
Project("{9A19103F-16F7-4668-BE54-9A1E7A4F7556}") = "GirisUygulaması", "GirisUygulaması\GirisUygulaması.csproj", "{7A46B7C8-D3E0-4AD9-8B33-87AD2A91E4F8}"
EndProject
Project("{9A19103F-16F7-4668-BE54-9A1E7A4F7556}") = "VizeVeFinalOrtalaması", "VizeVeFinalOrtalaması\VizeVeFinalOrtalaması.csproj", "{C2505629-12F7-402A-86CB-446761EC7536}"
EndProject
Project("{FAE04EC0-301F-11D3-BF4B-00C04F79EFBC}") = "Fibonacci", "..\Fibonacci\Fibonacci.csproj", "{24A584CC-C4EF-4E39-88D9-042F1A4EA66B}"
EndProject
Global
	GlobalSection(SolutionConfigurationPlatforms) = preSolution
		Debug|Any CPU = Debug|Any CPU
		Release|Any CPU = Release|Any CPU
	EndGlobalSection
	GlobalSection(ProjectConfigurationPlatforms) = postSolution
		{7A46B7C8-D3E0-4AD9-8B33-87AD2A91E4F8}.Debug|Any CPU.ActiveCfg = Debug|Any CPU
		{7A46B7C8-D3E0-4AD9-8B33-87AD2A91E4F8}.Debug|Any CPU.Build.0 = Debug|Any CPU
		{7A46B7C8-D3E0-4AD9-8B33-87AD2A91E4F8}.Release|Any CPU.ActiveCfg = Release|Any CPU
		{7A46B7C8-D3E0-4AD9-8B33-87AD2A91E4F8}.Release|Any CPU.Build.0 = Release|Any CPU
		{C2505629-12F7-402A-86CB-446761EC7536}.Debug|Any CPU.ActiveCfg = Debug|Any CPU
		{C2505629-12F7-402A-86CB-446761EC7536}.Debug|Any CPU.Build.0 = Debug|Any CPU
		{C2505629-12F7-402A-86CB-446761EC7536}.Release|Any CPU.ActiveCfg = Release|Any CPU
		{C2505629-12F7-402A-86CB-446761EC7536}.Release|Any CPU.Build.0 = Release|Any CPU
		{24A584CC-C4EF-4E39-88D9-042F1A4EA66B}.Debug|Any CPU.ActiveCfg = Debug|Any CPU
		{24A584CC-C4EF-4E39-88D9-042F1A4EA66B}.Debug|Any CPU.Build.0 = Debug|Any CPU
		{24A584CC-C4EF-4E39-88D9-042F1A4EA66B}.Release|Any CPU.ActiveCfg = Release|Any CPU
		{24A584CC-C4EF-4E39-88D9-042F1A4EA66B}.Release|Any CPU.Build.0 = Release|Any CPU
	EndGlobalSection
	GlobalSection(SolutionProperties) = preSolution
		HideSolutionNode = FALSE
	EndGlobalSection
	GlobalSection(ExtensibilityGlobals) = postSolution
		SolutionGuid = {0CF37907-97CB-46D5-9228-C0A0A003B50D}
	EndGlobalSection
EndGlobal
